
Microsoft Visual Studio Solution File, Format Version 12.00
# Visual Studio Version 16
VisualStudioVersion = 16.0.29806.167
MinimumVisualStudioVersion = 10.0.40219.1
Project("{FAE04EC0-301F-11D3-BF4B-00C04F79EFBC}") = "GameOfLife", "GameOfLife\GameOfLife.csproj", "{A23BE5D7-A33E-4167-952B-84691539807E}"
EndProject
Project("{FAE04EC0-301F-11D3-BF4B-00C04F79EFBC}") = "GameOfLife.App.Mobile.UWP", "GameOfLife.App.Mobile\GameOfLife.App.Mobile.UWP\GameOfLife.App.Mobile.UWP.csproj", "{C1CA7EC3-BB86-49A1-A8C1-785E9FB7DA23}"
EndProject
Project("{FAE04EC0-301F-11D3-BF4B-00C04F79EFBC}") = "GameOfLife.App.Mobile.Android", "GameOfLife.App.Mobile\GameOfLife.App.Mobile.Android\GameOfLife.App.Mobile.Android.csproj", "{4AF2730B-5B6F-4906-A87F-773112D8DFEE}"
EndProject
Project("{FAE04EC0-301F-11D3-BF4B-00C04F79EFBC}") = "GameOfLife.App.Mobile.iOS", "GameOfLife.App.Mobile\GameOfLife.App.Mobile.iOS\GameOfLife.App.Mobile.iOS.csproj", "{41E1A943-8280-4836-82E6-D0C1F65D661E}"
EndProject
Project("{FAE04EC0-301F-11D3-BF4B-00C04F79EFBC}") = "GameOfLife.App.Mobile", "GameOfLife.App.Mobile\GameOfLife.App.Mobile\GameOfLife.App.Mobile.csproj", "{19DCDBA7-D86C-4E6E-BA4F-F8AB1EF9EF3A}"
EndProject
Global
	GlobalSection(SolutionConfigurationPlatforms) = preSolution
		Debug|Any CPU = Debug|Any CPU
		Debug|ARM = Debug|ARM
		Debug|iPhone = Debug|iPhone
		Debug|iPhoneSimulator = Debug|iPhoneSimulator
		Debug|x64 = Debug|x64
		Debug|x86 = Debug|x86
		Release|Any CPU = Release|Any CPU
		Release|ARM = Release|ARM
		Release|iPhone = Release|iPhone
		Release|iPhoneSimulator = Release|iPhoneSimulator
		Release|x64 = Release|x64
		Release|x86 = Release|x86
	EndGlobalSection
	GlobalSection(ProjectConfigurationPlatforms) = postSolution
		{A23BE5D7-A33E-4167-952B-84691539807E}.Debug|Any CPU.ActiveCfg = Debug|Any CPU
		{A23BE5D7-A33E-4167-952B-84691539807E}.Debug|Any CPU.Build.0 = Debug|Any CPU
		{A23BE5D7-A33E-4167-952B-84691539807E}.Debug|ARM.ActiveCfg = Debug|Any CPU
		{A23BE5D7-A33E-4167-952B-84691539807E}.Debug|ARM.Build.0 = Debug|Any CPU
		{A23BE5D7-A33E-4167-952B-84691539807E}.Debug|iPhone.ActiveCfg = Debug|Any CPU
		{A23BE5D7-A33E-4167-952B-84691539807E}.Debug|iPhone.Build.0 = Debug|Any CPU
		{A23BE5D7-A33E-4167-952B-84691539807E}.Debug|iPhoneSimulator.ActiveCfg = Debug|Any CPU
		{A23BE5D7-A33E-4167-952B-84691539807E}.Debug|iPhoneSimulator.Build.0 = Debug|Any CPU
		{A23BE5D7-A33E-4167-952B-84691539807E}.Debug|x64.ActiveCfg = Debug|Any CPU
		{A23BE5D7-A33E-4167-952B-84691539807E}.Debug|x64.Build.0 = Debug|Any CPU
		{A23BE5D7-A33E-4167-952B-84691539807E}.Debug|x86.ActiveCfg = Debug|Any CPU
		{A23BE5D7-A33E-4167-952B-84691539807E}.Debug|x86.Build.0 = Debug|Any CPU
		{A23BE5D7-A33E-4167-952B-84691539807E}.Release|Any CPU.ActiveCfg = Release|Any CPU
		{A23BE5D7-A33E-4167-952B-84691539807E}.Release|Any CPU.Build.0 = Release|Any CPU
		{A23BE5D7-A33E-4167-952B-84691539807E}.Release|ARM.ActiveCfg = Release|Any CPU
		{A23BE5D7-A33E-4167-952B-84691539807E}.Release|ARM.Build.0 = Release|Any CPU
		{A23BE5D7-A33E-4167-952B-84691539807E}.Release|iPhone.ActiveCfg = Release|Any CPU
		{A23BE5D7-A33E-4167-952B-84691539807E}.Release|iPhone.Build.0 = Release|Any CPU
		{A23BE5D7-A33E-4167-952B-84691539807E}.Release|iPhoneSimulator.ActiveCfg = Release|Any CPU
		{A23BE5D7-A33E-4167-952B-84691539807E}.Release|iPhoneSimulator.Build.0 = Release|Any CPU
		{A23BE5D7-A33E-4167-952B-84691539807E}.Release|x64.ActiveCfg = Release|Any CPU
		{A23BE5D7-A33E-4167-952B-84691539807E}.Release|x64.Build.0 = Release|Any CPU
		{A23BE5D7-A33E-4167-952B-84691539807E}.Release|x86.ActiveCfg = Release|Any CPU
		{A23BE5D7-A33E-4167-952B-84691539807E}.Release|x86.Build.0 = Release|Any CPU
		{C1CA7EC3-BB86-49A1-A8C1-785E9FB7DA23}.Debug|Any CPU.ActiveCfg = Debug|x86
		{C1CA7EC3-BB86-49A1-A8C1-785E9FB7DA23}.Debug|ARM.ActiveCfg = Debug|ARM
		{C1CA7EC3-BB86-49A1-A8C1-785E9FB7DA23}.Debug|ARM.Build.0 = Debug|ARM
		{C1CA7EC3-BB86-49A1-A8C1-785E9FB7DA23}.Debug|ARM.Deploy.0 = Debug|ARM
		{C1CA7EC3-BB86-49A1-A8C1-785E9FB7DA23}.Debug|iPhone.ActiveCfg = Debug|x86
		{C1CA7EC3-BB86-49A1-A8C1-785E9FB7DA23}.Debug|iPhoneSimulator.ActiveCfg = Debug|x86
		{C1CA7EC3-BB86-49A1-A8C1-785E9FB7DA23}.Debug|x64.ActiveCfg = Debug|x64
		{C1CA7EC3-BB86-49A1-A8C1-785E9FB7DA23}.Debug|x64.Build.0 = Debug|x64
		{C1CA7EC3-BB86-49A1-A8C1-785E9FB7DA23}.Debug|x64.Deploy.0 = Debug|x64
		{C1CA7EC3-BB86-49A1-A8C1-785E9FB7DA23}.Debug|x86.ActiveCfg = Debug|x86
		{C1CA7EC3-BB86-49A1-A8C1-785E9FB7DA23}.Debug|x86.Build.0 = Debug|x86
		{C1CA7EC3-BB86-49A1-A8C1-785E9FB7DA23}.Debug|x86.Deploy.0 = Debug|x86
		{C1CA7EC3-BB86-49A1-A8C1-785E9FB7DA23}.Release|Any CPU.ActiveCfg = Release|x86
		{C1CA7EC3-BB86-49A1-A8C1-785E9FB7DA23}.Release|ARM.ActiveCfg = Release|ARM
		{C1CA7EC3-BB86-49A1-A8C1-785E9FB7DA23}.Release|ARM.Build.0 = Release|ARM
		{C1CA7EC3-BB86-49A1-A8C1-785E9FB7DA23}.Release|ARM.Deploy.0 = Release|ARM
		{C1CA7EC3-BB86-49A1-A8C1-785E9FB7DA23}.Release|iPhone.ActiveCfg = Release|x86
		{C1CA7EC3-BB86-49A1-A8C1-785E9FB7DA23}.Release|iPhoneSimulator.ActiveCfg = Release|x86
		{C1CA7EC3-BB86-49A1-A8C1-785E9FB7DA23}.Release|x64.ActiveCfg = Release|x64
		{C1CA7EC3-BB86-49A1-A8C1-785E9FB7DA23}.Release|x64.Build.0 = Release|x64
		{C1CA7EC3-BB86-49A1-A8C1-785E9FB7DA23}.Release|x64.Deploy.0 = Release|x64
		{C1CA7EC3-BB86-49A1-A8C1-785E9FB7DA23}.Release|x86.ActiveCfg = Release|x86
		{C1CA7EC3-BB86-49A1-A8C1-785E9FB7DA23}.Release|x86.Build.0 = Release|x86
		{C1CA7EC3-BB86-49A1-A8C1-785E9FB7DA23}.Release|x86.Deploy.0 = Release|x86
		{4AF2730B-5B6F-4906-A87F-773112D8DFEE}.Debug|Any CPU.ActiveCfg = Debug|Any CPU
		{4AF2730B-5B6F-4906-A87F-773112D8DFEE}.Debug|Any CPU.Build.0 = Debug|Any CPU
		{4AF2730B-5B6F-4906-A87F-773112D8DFEE}.Debug|Any CPU.Deploy.0 = Debug|Any CPU
		{4AF2730B-5B6F-4906-A87F-773112D8DFEE}.Debug|ARM.ActiveCfg = Debug|Any CPU
		{4AF2730B-5B6F-4906-A87F-773112D8DFEE}.Debug|ARM.Build.0 = Debug|Any CPU
		{4AF2730B-5B6F-4906-A87F-773112D8DFEE}.Debug|ARM.Deploy.0 = Debug|Any CPU
		{4AF2730B-5B6F-4906-A87F-773112D8DFEE}.Debug|iPhone.ActiveCfg = Debug|Any CPU
		{4AF2730B-5B6F-4906-A87F-773112D8DFEE}.Debug|iPhone.Build.0 = Debug|Any CPU
		{4AF2730B-5B6F-4906-A87F-773112D8DFEE}.Debug|iPhone.Deploy.0 = Debug|Any CPU
		{4AF2730B-5B6F-4906-A87F-773112D8DFEE}.Debug|iPhoneSimulator.ActiveCfg = Debug|Any CPU
		{4AF2730B-5B6F-4906-A87F-773112D8DFEE}.Debug|iPhoneSimulator.Build.0 = Debug|Any CPU
		{4AF2730B-5B6F-4906-A87F-773112D8DFEE}.Debug|iPhoneSimulator.Deploy.0 = Debug|Any CPU
		{4AF2730B-5B6F-4906-A87F-773112D8DFEE}.Debug|x64.ActiveCfg = Debug|Any CPU
		{4AF2730B-5B6F-4906-A87F-773112D8DFEE}.Debug|x64.Build.0 = Debug|Any CPU
		{4AF2730B-5B6F-4906-A87F-773112D8DFEE}.Debug|x64.Deploy.0 = Debug|Any CPU
		{4AF2730B-5B6F-4906-A87F-773112D8DFEE}.Debug|x86.ActiveCfg = Debug|Any CPU
		{4AF2730B-5B6F-4906-A87F-773112D8DFEE}.Debug|x86.Build.0 = Debug|Any CPU
		{4AF2730B-5B6F-4906-A87F-773112D8DFEE}.Debug|x86.Deploy.0 = Debug|Any CPU
		{4AF2730B-5B6F-4906-A87F-773112D8DFEE}.Release|Any CPU.ActiveCfg = Release|Any CPU
		{4AF2730B-5B6F-4906-A87F-773112D8DFEE}.Release|Any CPU.Build.0 = Release|Any CPU
		{4AF2730B-5B6F-4906-A87F-773112D8DFEE}.Release|Any CPU.Deploy.0 = Release|Any CPU
		{4AF2730B-5B6F-4906-A87F-773112D8DFEE}.Release|ARM.ActiveCfg = Release|Any CPU
		{4AF2730B-5B6F-4906-A87F-773112D8DFEE}.Release|ARM.Build.0 = Release|Any CPU
		{4AF2730B-5B6F-4906-A87F-773112D8DFEE}.Release|ARM.Deploy.0 = Release|Any CPU
		{4AF2730B-5B6F-4906-A87F-773112D8DFEE}.Release|iPhone.ActiveCfg = Release|Any CPU
		{4AF2730B-5B6F-4906-A87F-773112D8DFEE}.Release|iPhone.Build.0 = Release|Any CPU
		{4AF2730B-5B6F-4906-A87F-773112D8DFEE}.Release|iPhone.Deploy.0 = Release|Any CPU
		{4AF2730B-5B6F-4906-A87F-773112D8DFEE}.Release|iPhoneSimulator.ActiveCfg = Release|Any CPU
		{4AF2730B-5B6F-4906-A87F-773112D8DFEE}.Release|iPhoneSimulator.Build.0 = Release|Any CPU
		{4AF2730B-5B6F-4906-A87F-773112D8DFEE}.Release|iPhoneSimulator.Deploy.0 = Release|Any CPU
		{4AF2730B-5B6F-4906-A87F-773112D8DFEE}.Release|x64.ActiveCfg = Release|Any CPU
		{4AF2730B-5B6F-4906-A87F-773112D8DFEE}.Release|x64.Build.0 = Release|Any CPU
		{4AF2730B-5B6F-4906-A87F-773112D8DFEE}.Release|x64.Deploy.0 = Release|Any CPU
		{4AF2730B-5B6F-4906-A87F-773112D8DFEE}.Release|x86.ActiveCfg = Release|Any CPU
		{4AF2730B-5B6F-4906-A87F-773112D8DFEE}.Release|x86.Build.0 = Release|Any CPU
		{4AF2730B-5B6F-4906-A87F-773112D8DFEE}.Release|x86.Deploy.0 = Release|Any CPU
		{41E1A943-8280-4836-82E6-D0C1F65D661E}.Debug|Any CPU.ActiveCfg = Debug|iPhone
		{41E1A943-8280-4836-82E6-D0C1F65D661E}.Debug|ARM.ActiveCfg = Debug|iPhone
		{41E1A943-8280-4836-82E6-D0C1F65D661E}.Debug|iPhone.ActiveCfg = Debug|iPhone
		{41E1A943-8280-4836-82E6-D0C1F65D661E}.Debug|iPhone.Build.0 = Debug|iPhone
		{41E1A943-8280-4836-82E6-D0C1F65D661E}.Debug|iPhoneSimulator.ActiveCfg = Debug|iPhoneSimulator
		{41E1A943-8280-4836-82E6-D0C1F65D661E}.Debug|iPhoneSimulator.Build.0 = Debug|iPhoneSimulator
		{41E1A943-8280-4836-82E6-D0C1F65D661E}.Debug|x64.ActiveCfg = Debug|iPhone
		{41E1A943-8280-4836-82E6-D0C1F65D661E}.Debug|x86.ActiveCfg = Debug|iPhone
		{41E1A943-8280-4836-82E6-D0C1F65D661E}.Release|Any CPU.ActiveCfg = Release|iPhone
		{41E1A943-8280-4836-82E6-D0C1F65D661E}.Release|ARM.ActiveCfg = Release|iPhone
		{41E1A943-8280-4836-82E6-D0C1F65D661E}.Release|iPhone.ActiveCfg = Release|iPhone
		{41E1A943-8280-4836-82E6-D0C1F65D661E}.Release|iPhone.Build.0 = Release|iPhone
		{41E1A943-8280-4836-82E6-D0C1F65D661E}.Release|iPhoneSimulator.ActiveCfg = Release|iPhoneSimulator
		{41E1A943-8280-4836-82E6-D0C1F65D661E}.Release|iPhoneSimulator.Build.0 = Release|iPhoneSimulator
		{41E1A943-8280-4836-82E6-D0C1F65D661E}.Release|x64.ActiveCfg = Release|iPhone
		{41E1A943-8280-4836-82E6-D0C1F65D661E}.Release|x86.ActiveCfg = Release|iPhone
		{19DCDBA7-D86C-4E6E-BA4F-F8AB1EF9EF3A}.Debug|Any CPU.ActiveCfg = Debug|Any CPU
		{19DCDBA7-D86C-4E6E-BA4F-F8AB1EF9EF3A}.Debug|Any CPU.Build.0 = Debug|Any CPU
		{19DCDBA7-D86C-4E6E-BA4F-F8AB1EF9EF3A}.Debug|ARM.ActiveCfg = Debug|Any CPU
		{19DCDBA7-D86C-4E6E-BA4F-F8AB1EF9EF3A}.Debug|ARM.Build.0 = Debug|Any CPU
		{19DCDBA7-D86C-4E6E-BA4F-F8AB1EF9EF3A}.Debug|iPhone.ActiveCfg = Debug|Any CPU
		{19DCDBA7-D86C-4E6E-BA4F-F8AB1EF9EF3A}.Debug|iPhone.Build.0 = Debug|Any CPU
		{19DCDBA7-D86C-4E6E-BA4F-F8AB1EF9EF3A}.Debug|iPhoneSimulator.ActiveCfg = Debug|Any CPU
		{19DCDBA7-D86C-4E6E-BA4F-F8AB1EF9EF3A}.Debug|iPhoneSimulator.Build.0 = Debug|Any CPU
		{19DCDBA7-D86C-4E6E-BA4F-F8AB1EF9EF3A}.Debug|x64.ActiveCfg = Debug|Any CPU
		{19DCDBA7-D86C-4E6E-BA4F-F8AB1EF9EF3A}.Debug|x64.Build.0 = Debug|Any CPU
		{19DCDBA7-D86C-4E6E-BA4F-F8AB1EF9EF3A}.Debug|x86.ActiveCfg = Debug|Any CPU
		{19DCDBA7-D86C-4E6E-BA4F-F8AB1EF9EF3A}.Debug|x86.Build.0 = Debug|Any CPU
		{19DCDBA7-D86C-4E6E-BA4F-F8AB1EF9EF3A}.Release|Any CPU.ActiveCfg = Release|Any CPU
		{19DCDBA7-D86C-4E6E-BA4F-F8AB1EF9EF3A}.Release|Any CPU.Build.0 = Release|Any CPU
		{19DCDBA7-D86C-4E6E-BA4F-F8AB1EF9EF3A}.Release|ARM.ActiveCfg = Release|Any CPU
		{19DCDBA7-D86C-4E6E-BA4F-F8AB1EF9EF3A}.Release|ARM.Build.0 = Release|Any CPU
		{19DCDBA7-D86C-4E6E-BA4F-F8AB1EF9EF3A}.Release|iPhone.ActiveCfg = Release|Any CPU
		{19DCDBA7-D86C-4E6E-BA4F-F8AB1EF9EF3A}.Release|iPhone.Build.0 = Release|Any CPU
		{19DCDBA7-D86C-4E6E-BA4F-F8AB1EF9EF3A}.Release|iPhoneSimulator.ActiveCfg = Release|Any CPU
		{19DCDBA7-D86C-4E6E-BA4F-F8AB1EF9EF3A}.Release|iPhoneSimulator.Build.0 = Release|Any CPU
		{19DCDBA7-D86C-4E6E-BA4F-F8AB1EF9EF3A}.Release|x64.ActiveCfg = Release|Any CPU
		{19DCDBA7-D86C-4E6E-BA4F-F8AB1EF9EF3A}.Release|x64.Build.0 = Release|Any CPU
		{19DCDBA7-D86C-4E6E-BA4F-F8AB1EF9EF3A}.Release|x86.ActiveCfg = Release|Any CPU
		{19DCDBA7-D86C-4E6E-BA4F-F8AB1EF9EF3A}.Release|x86.Build.0 = Release|Any CPU
	EndGlobalSection
	GlobalSection(SolutionProperties) = preSolution
		HideSolutionNode = FALSE
	EndGlobalSection
	GlobalSection(ExtensibilityGlobals) = postSolution
		SolutionGuid = {F2BEDABB-E451-4478-BF51-43B7E1744E91}
	EndGlobalSection
EndGlobal
